{
  "requires": true,
  "lockfileVersion": 1,
  "dependencies": {
    "cheerio": {
      "version": "0.7.0",
      "resolved": "https://registry.npmjs.org/cheerio/-/cheerio-0.7.0.tgz",
      "integrity": "sha1-uYy4BraTOWQRpFD1izkkCr6YM9w=",
      "requires": {
        "cheerio-soupselect": "*",
        "htmlparser2": "2.0.1 - 2.2.2",
        "underscore": "*"
      }
    },
    "cheerio-soupselect": {
      "version": "0.1.1",
      "resolved": "https://registry.npmjs.org/cheerio-soupselect/-/cheerio-soupselect-0.1.1.tgz",
      "integrity": "sha1-m6pqtp07jNIjFnaQNlozbLn/I1k=",
      "requires": {
        "htmlparser2": "2.x"
      }
    },
    "htmlparser2": {
      "version": "2.2.2",
      "resolved": "https://registry.npmjs.org/htmlparser2/-/htmlparser2-2.2.2.tgz",
      "integrity": "sha1-MAleI5ZbPps5awXRS4NCStQi7+A="
    },
    "request": {
      "version": "2.9.203",
      "resolved": "https://registry.npmjs.org/request/-/request-2.9.203.tgz",
      "integrity": "sha1-bBcRpUB/uUoRQhlWPkQUW8v0cjo="
    },
    "scrapper": {
      "version": "1.0.1",
      "resolved": "https://registry.npmjs.org/scrapper/-/scrapper-1.0.1.tgz",
      "integrity": "sha1-IHf/TV4ez9hvu9wgqjcM4JpTlL4=",
      "requires": {
        "cheerio": "0.7.x",
        "request": "2.9.x"
      }
    },
    "underscore": {
      "version": "1.13.1",
      "resolved": "https://registry.npmjs.org/underscore/-/underscore-1.13.1.tgz",
      "integrity": "sha512-hzSoAVtJF+3ZtiFX0VgfFPHEDRm7Y/QPjGyNo4TVdnDTdft3tr8hEkD25a1jC+TjTuE7tkHGKkhwCgs9dgBB2g=="
    }
  }
}
